// !$*UTF8*$!
{
	archiveVersion = 1;
	classes = {
	};
	objectVersion = 46;
	objects = {

/* Begin PBXBuildFile section */
		5B8C2F4F164B5C4A005592F9 /* RgbImage.cpp in Sources */ = {isa = PBXBuildFile; fileRef = 5B8C2F4A164B5C4A005592F9 /* RgbImage.cpp */; };
		5B8C2F50164B5C4A005592F9 /* TextureBMP.cpp in Sources */ = {isa = PBXBuildFile; fileRef = 5B8C2F4C164B5C4A005592F9 /* TextureBMP.cpp */; };
		610E7E21160BE9C900D0BBAA /* GLUT.framework in Frameworks */ = {isa = PBXBuildFile; fileRef = 610E7E20160BE9C900D0BBAA /* GLUT.framework */; };
		610E7E23160BE9D700D0BBAA /* OpenGL.framework in Frameworks */ = {isa = PBXBuildFile; fileRef = 610E7E22160BE9D700D0BBAA /* OpenGL.framework */; };
		610E7E4D160BEA5100D0BBAA /* assign1.cpp in Sources */ = {isa = PBXBuildFile; fileRef = 610E7E26160BEA5100D0BBAA /* assign1.cpp */; };
		610E7E50160BEA5100D0BBAA /* adaptcm.c in Sources */ = {isa = PBXBuildFile; fileRef = 610E7E39160BEA5100D0BBAA /* adaptcm.c */; };
		610E7E52160BEA5100D0BBAA /* jpeg.c in Sources */ = {isa = PBXBuildFile; fileRef = 610E7E3F160BEA5100D0BBAA /* jpeg.c */; };
		610E7E53160BEA5100D0BBAA /* libjpeg.a in Frameworks */ = {isa = PBXBuildFile; fileRef = 610E7E41160BEA5100D0BBAA /* libjpeg.a */; };
		610E7E55160BEA5100D0BBAA /* pic.c in Sources */ = {isa = PBXBuildFile; fileRef = 610E7E43160BEA5100D0BBAA /* pic.c */; };
/* End PBXBuildFile section */

/* Begin PBXCopyFilesBuildPhase section */
		610E7E11160BE9B900D0BBAA /* CopyFiles */ = {
			isa = PBXCopyFilesBuildPhase;
			buildActionMask = 2147483647;
			dstPath = /usr/share/man/man1/;
			dstSubfolderSpec = 0;
			files = (
			);
			runOnlyForDeploymentPostprocessing = 1;
		};
/* End PBXCopyFilesBuildPhase section */

/* Begin PBXFileReference section */
		5B566B97163901D200891163 /* circle.sp */ = {isa = PBXFileReference; fileEncoding = 4; lastKnownFileType = text; path = circle.sp; sourceTree = "<group>"; };
		5B566B98163901D200891163 /* cs1.sp */ = {isa = PBXFileReference; fileEncoding = 4; lastKnownFileType = text; path = cs1.sp; sourceTree = "<group>"; };
		5B566B99163901D200891163 /* goodRide.sp */ = {isa = PBXFileReference; fileEncoding = 4; lastKnownFileType = text; path = goodRide.sp; sourceTree = "<group>"; };
		5B566B9A163901D200891163 /* leftturn.sp */ = {isa = PBXFileReference; fileEncoding = 4; lastKnownFileType = text; path = leftturn.sp; sourceTree = "<group>"; };
		5B566B9B163901D200891163 /* rollerCoaster.sp */ = {isa = PBXFileReference; fileEncoding = 4; lastKnownFileType = text; path = rollerCoaster.sp; sourceTree = "<group>"; };
		5B566B9C163901D200891163 /* star.sp */ = {isa = PBXFileReference; fileEncoding = 4; lastKnownFileType = text; path = star.sp; sourceTree = "<group>"; };
		5B566B9D163901D200891163 /* straightLine.sp */ = {isa = PBXFileReference; fileEncoding = 4; lastKnownFileType = text; path = straightLine.sp; sourceTree = "<group>"; };
		5B566B9E163901D200891163 /* upsidedown.sp */ = {isa = PBXFileReference; fileEncoding = 4; lastKnownFileType = text; path = upsidedown.sp; sourceTree = "<group>"; };
		5B566B9F163901D200891163 /* xaxis.sp */ = {isa = PBXFileReference; fileEncoding = 4; lastKnownFileType = text; path = xaxis.sp; sourceTree = "<group>"; };
		5B566BA0163901D200891163 /* xyz.sp */ = {isa = PBXFileReference; fileEncoding = 4; lastKnownFileType = text; path = xyz.sp; sourceTree = "<group>"; };
		5B566BA1163901D200891163 /* yaxis.sp */ = {isa = PBXFileReference; fileEncoding = 4; lastKnownFileType = text; path = yaxis.sp; sourceTree = "<group>"; };
		5B566BA2163901D200891163 /* zaxis.sp */ = {isa = PBXFileReference; fileEncoding = 4; lastKnownFileType = text; path = zaxis.sp; sourceTree = "<group>"; };
		5B566BA41639032300891163 /* track.txt */ = {isa = PBXFileReference; fileEncoding = 4; lastKnownFileType = text; path = track.txt; sourceTree = "<group>"; };
		5B60CEEC164CC8840009CAD5 /* sky1.jpeg */ = {isa = PBXFileReference; lastKnownFileType = image.jpeg; path = sky1.jpeg; sourceTree = "<group>"; };
		5B60CEED164CD7590009CAD5 /* grass1.jpeg */ = {isa = PBXFileReference; lastKnownFileType = image.jpeg; path = grass1.jpeg; sourceTree = "<group>"; };
		5B8C2F4A164B5C4A005592F9 /* RgbImage.cpp */ = {isa = PBXFileReference; fileEncoding = 4; lastKnownFileType = sourcecode.cpp.cpp; path = RgbImage.cpp; sourceTree = "<group>"; };
		5B8C2F4B164B5C4A005592F9 /* RgbImage.h */ = {isa = PBXFileReference; fileEncoding = 4; lastKnownFileType = sourcecode.c.h; path = RgbImage.h; sourceTree = "<group>"; };
		5B8C2F4C164B5C4A005592F9 /* TextureBMP.cpp */ = {isa = PBXFileReference; fileEncoding = 4; lastKnownFileType = sourcecode.cpp.cpp; path = TextureBMP.cpp; sourceTree = "<group>"; };
		5B8C2F4D164B5C4A005592F9 /* TextureBMP.exe */ = {isa = PBXFileReference; lastKnownFileType = file; path = TextureBMP.exe; sourceTree = "<group>"; };
		5B8C2F4E164B5C4A005592F9 /* TextureBMP.html */ = {isa = PBXFileReference; fileEncoding = 4; lastKnownFileType = text.html; path = TextureBMP.html; sourceTree = "<group>"; };
		5B8C2F58164B753F005592F9 /* RedLeavesTexture.bmp */ = {isa = PBXFileReference; lastKnownFileType = image.bmp; path = RedLeavesTexture.bmp; sourceTree = "<group>"; };
		5B8C2F5D164B789B005592F9 /* woodplanks1.jpeg */ = {isa = PBXFileReference; lastKnownFileType = image.jpeg; path = woodplanks1.jpeg; sourceTree = "<group>"; };
		5B8C2F5E164B7AA5005592F9 /* woodplanks2.jpeg */ = {isa = PBXFileReference; lastKnownFileType = image.jpeg; path = woodplanks2.jpeg; sourceTree = "<group>"; };
		610E7E13160BE9B900D0BBAA /* assign1 */ = {isa = PBXFileReference; explicitFileType = "compiled.mach-o.executable"; includeInIndex = 0; path = assign1; sourceTree = BUILT_PRODUCTS_DIR; };
		610E7E20160BE9C900D0BBAA /* GLUT.framework */ = {isa = PBXFileReference; lastKnownFileType = wrapper.framework; name = GLUT.framework; path = System/Library/Frameworks/GLUT.framework; sourceTree = SDKROOT; };
		610E7E22160BE9D700D0BBAA /* OpenGL.framework */ = {isa = PBXFileReference; lastKnownFileType = wrapper.framework; name = OpenGL.framework; path = System/Library/Frameworks/OpenGL.framework; sourceTree = SDKROOT; };
		610E7E26160BEA5100D0BBAA /* assign1.cpp */ = {isa = PBXFileReference; fileEncoding = 4; lastKnownFileType = sourcecode.cpp.cpp; path = assign1.cpp; sourceTree = "<group>"; };
		610E7E28160BEA5100D0BBAA /* GrandTeton-128.jpg */ = {isa = PBXFileReference; lastKnownFileType = image.jpeg; path = "GrandTeton-128.jpg"; sourceTree = "<group>"; };
		610E7E29160BEA5100D0BBAA /* GrandTeton-256.jpg */ = {isa = PBXFileReference; lastKnownFileType = image.jpeg; path = "GrandTeton-256.jpg"; sourceTree = "<group>"; };
		610E7E2A160BEA5100D0BBAA /* GrandTeton-512.jpg */ = {isa = PBXFileReference; lastKnownFileType = image.jpeg; path = "GrandTeton-512.jpg"; sourceTree = "<group>"; };
		610E7E2B160BEA5100D0BBAA /* GrandTeton-768.jpg */ = {isa = PBXFileReference; lastKnownFileType = image.jpeg; path = "GrandTeton-768.jpg"; sourceTree = "<group>"; };
		610E7E2D160BEA5100D0BBAA /* OhioPyle-128.jpg */ = {isa = PBXFileReference; lastKnownFileType = image.jpeg; path = "OhioPyle-128.jpg"; sourceTree = "<group>"; };
		610E7E2E160BEA5100D0BBAA /* OhioPyle-256.jpg */ = {isa = PBXFileReference; lastKnownFileType = image.jpeg; path = "OhioPyle-256.jpg"; sourceTree = "<group>"; };
		610E7E2F160BEA5100D0BBAA /* OhioPyle-512.jpg */ = {isa = PBXFileReference; lastKnownFileType = image.jpeg; path = "OhioPyle-512.jpg"; sourceTree = "<group>"; };
		610E7E30160BEA5100D0BBAA /* OhioPyle-768.jpg */ = {isa = PBXFileReference; lastKnownFileType = image.jpeg; path = "OhioPyle-768.jpg"; sourceTree = "<group>"; };
		610E7E32160BEA5100D0BBAA /* SantaMonicaMountains-128.jpg */ = {isa = PBXFileReference; lastKnownFileType = image.jpeg; path = "SantaMonicaMountains-128.jpg"; sourceTree = "<group>"; };
		610E7E33160BEA5100D0BBAA /* SantaMonicaMountains-256.jpg */ = {isa = PBXFileReference; lastKnownFileType = image.jpeg; path = "SantaMonicaMountains-256.jpg"; sourceTree = "<group>"; };
		610E7E34160BEA5100D0BBAA /* SantaMonicaMountains-512.jpg */ = {isa = PBXFileReference; lastKnownFileType = image.jpeg; path = "SantaMonicaMountains-512.jpg"; sourceTree = "<group>"; };
		610E7E35160BEA5100D0BBAA /* SantaMonicaMountains-768.jpg */ = {isa = PBXFileReference; lastKnownFileType = image.jpeg; path = "SantaMonicaMountains-768.jpg"; sourceTree = "<group>"; };
		610E7E36160BEA5100D0BBAA /* spiral.jpg */ = {isa = PBXFileReference; lastKnownFileType = image.jpeg; path = spiral.jpg; sourceTree = "<group>"; };
		610E7E37160BEA5100D0BBAA /* spiralex2.jpg */ = {isa = PBXFileReference; lastKnownFileType = image.jpeg; path = spiralex2.jpg; sourceTree = "<group>"; };
		610E7E39160BEA5100D0BBAA /* adaptcm.c */ = {isa = PBXFileReference; fileEncoding = 4; lastKnownFileType = sourcecode.c.c; path = adaptcm.c; sourceTree = "<group>"; };
		610E7E3A160BEA5100D0BBAA /* adaptcm.h */ = {isa = PBXFileReference; fileEncoding = 4; lastKnownFileType = sourcecode.c.h; path = adaptcm.h; sourceTree = "<group>"; };
		610E7E3C160BEA5100D0BBAA /* jconfig.h */ = {isa = PBXFileReference; fileEncoding = 4; lastKnownFileType = sourcecode.c.h; path = jconfig.h; sourceTree = "<group>"; };
		610E7E3D160BEA5100D0BBAA /* jerror.h */ = {isa = PBXFileReference; fileEncoding = 4; lastKnownFileType = sourcecode.c.h; path = jerror.h; sourceTree = "<group>"; };
		610E7E3E160BEA5100D0BBAA /* jmorecfg.h */ = {isa = PBXFileReference; fileEncoding = 4; lastKnownFileType = sourcecode.c.h; path = jmorecfg.h; sourceTree = "<group>"; };
		610E7E3F160BEA5100D0BBAA /* jpeg.c */ = {isa = PBXFileReference; fileEncoding = 4; lastKnownFileType = sourcecode.c.c; path = jpeg.c; sourceTree = "<group>"; };
		610E7E40160BEA5100D0BBAA /* jpeglib.h */ = {isa = PBXFileReference; fileEncoding = 4; lastKnownFileType = sourcecode.c.h; path = jpeglib.h; sourceTree = "<group>"; };
		610E7E41160BEA5100D0BBAA /* libjpeg.a */ = {isa = PBXFileReference; lastKnownFileType = archive.ar; path = libjpeg.a; sourceTree = "<group>"; };
		610E7E42160BEA5100D0BBAA /* Makefile */ = {isa = PBXFileReference; fileEncoding = 4; lastKnownFileType = sourcecode.make; path = Makefile; sourceTree = "<group>"; };
		610E7E43160BEA5100D0BBAA /* pic.c */ = {isa = PBXFileReference; fileEncoding = 4; lastKnownFileType = sourcecode.c.c; path = pic.c; sourceTree = "<group>"; };
		610E7E44160BEA5100D0BBAA /* pic.h */ = {isa = PBXFileReference; fileEncoding = 4; lastKnownFileType = sourcecode.c.h; path = pic.h; sourceTree = "<group>"; };
/* End PBXFileReference section */

/* Begin PBXFrameworksBuildPhase section */
		610E7E10160BE9B900D0BBAA /* Frameworks */ = {
			isa = PBXFrameworksBuildPhase;
			buildActionMask = 2147483647;
			files = (
				610E7E23160BE9D700D0BBAA /* OpenGL.framework in Frameworks */,
				610E7E21160BE9C900D0BBAA /* GLUT.framework in Frameworks */,
				610E7E53160BEA5100D0BBAA /* libjpeg.a in Frameworks */,
			);
			runOnlyForDeploymentPostprocessing = 0;
		};
/* End PBXFrameworksBuildPhase section */

/* Begin PBXGroup section */
		5B566B96163901D200891163 /* splines */ = {
			isa = PBXGroup;
			children = (
				5B566B97163901D200891163 /* circle.sp */,
				5B566B98163901D200891163 /* cs1.sp */,
				5B566B99163901D200891163 /* goodRide.sp */,
				5B566B9A163901D200891163 /* leftturn.sp */,
				5B566B9B163901D200891163 /* rollerCoaster.sp */,
				5B566B9C163901D200891163 /* star.sp */,
				5B566B9D163901D200891163 /* straightLine.sp */,
				5B566B9E163901D200891163 /* upsidedown.sp */,
				5B566B9F163901D200891163 /* xaxis.sp */,
				5B566BA0163901D200891163 /* xyz.sp */,
				5B566BA1163901D200891163 /* yaxis.sp */,
				5B566BA2163901D200891163 /* zaxis.sp */,
			);
			path = splines;
			sourceTree = "<group>";
		};
		5B8C2F48164B5C4A005592F9 /* TextureBMP */ = {
			isa = PBXGroup;
			children = (
				5B8C2F58164B753F005592F9 /* RedLeavesTexture.bmp */,
				5B8C2F4A164B5C4A005592F9 /* RgbImage.cpp */,
				5B8C2F4B164B5C4A005592F9 /* RgbImage.h */,
				5B8C2F4C164B5C4A005592F9 /* TextureBMP.cpp */,
				5B8C2F4D164B5C4A005592F9 /* TextureBMP.exe */,
				5B8C2F4E164B5C4A005592F9 /* TextureBMP.html */,
			);
			path = TextureBMP;
			sourceTree = "<group>";
		};
		610E7E08160BE9B900D0BBAA = {
			isa = PBXGroup;
			children = (
				610E7E22160BE9D700D0BBAA /* OpenGL.framework */,
				610E7E20160BE9C900D0BBAA /* GLUT.framework */,
				610E7E16160BE9B900D0BBAA /* assign1 */,
				610E7E14160BE9B900D0BBAA /* Products */,
			);
			sourceTree = "<group>";
		};
		610E7E14160BE9B900D0BBAA /* Products */ = {
			isa = PBXGroup;
			children = (
				610E7E13160BE9B900D0BBAA /* assign1 */,
			);
			name = Products;
			sourceTree = "<group>";
		};
		610E7E16160BE9B900D0BBAA /* assign1 */ = {
			isa = PBXGroup;
			children = (
				5B566B96163901D200891163 /* splines */,
				610E7E24160BEA5100D0BBAA /* assign1 */,
				610E7E38160BEA5100D0BBAA /* pic */,
			);
			path = assign1;
			sourceTree = "<group>";
		};
		610E7E24160BEA5100D0BBAA /* assign1 */ = {
			isa = PBXGroup;
			children = (
				5B566BA41639032300891163 /* track.txt */,
				610E7E26160BEA5100D0BBAA /* assign1.cpp */,
				5B8C2F5E164B7AA5005592F9 /* woodplanks2.jpeg */,
				5B8C2F5D164B789B005592F9 /* woodplanks1.jpeg */,
				5B60CEED164CD7590009CAD5 /* grass1.jpeg */,
				5B60CEEC164CC8840009CAD5 /* sky1.jpeg */,
				5B8C2F48164B5C4A005592F9 /* TextureBMP */,
				610E7E28160BEA5100D0BBAA /* GrandTeton-128.jpg */,
				610E7E29160BEA5100D0BBAA /* GrandTeton-256.jpg */,
				610E7E2A160BEA5100D0BBAA /* GrandTeton-512.jpg */,
				610E7E2B160BEA5100D0BBAA /* GrandTeton-768.jpg */,
				610E7E2D160BEA5100D0BBAA /* OhioPyle-128.jpg */,
				610E7E2E160BEA5100D0BBAA /* OhioPyle-256.jpg */,
				610E7E2F160BEA5100D0BBAA /* OhioPyle-512.jpg */,
				610E7E30160BEA5100D0BBAA /* OhioPyle-768.jpg */,
				610E7E32160BEA5100D0BBAA /* SantaMonicaMountains-128.jpg */,
				610E7E33160BEA5100D0BBAA /* SantaMonicaMountains-256.jpg */,
				610E7E34160BEA5100D0BBAA /* SantaMonicaMountains-512.jpg */,
				610E7E35160BEA5100D0BBAA /* SantaMonicaMountains-768.jpg */,
				610E7E36160BEA5100D0BBAA /* spiral.jpg */,
				610E7E37160BEA5100D0BBAA /* spiralex2.jpg */,
			);
			name = assign1;
			sourceTree = "<group>";
		};
		610E7E38160BEA5100D0BBAA /* pic */ = {
			isa = PBXGroup;
			children = (
				610E7E39160BEA5100D0BBAA /* adaptcm.c */,
				610E7E3A160BEA5100D0BBAA /* adaptcm.h */,
				610E7E3C160BEA5100D0BBAA /* jconfig.h */,
				610E7E3D160BEA5100D0BBAA /* jerror.h */,
				610E7E3E160BEA5100D0BBAA /* jmorecfg.h */,
				610E7E3F160BEA5100D0BBAA /* jpeg.c */,
				610E7E40160BEA5100D0BBAA /* jpeglib.h */,
				610E7E41160BEA5100D0BBAA /* libjpeg.a */,
				610E7E42160BEA5100D0BBAA /* Makefile */,
				610E7E43160BEA5100D0BBAA /* pic.c */,
				610E7E44160BEA5100D0BBAA /* pic.h */,
			);
			path = pic;
			sourceTree = SOURCE_ROOT;
		};
/* End PBXGroup section */

/* Begin PBXNativeTarget section */
		610E7E12160BE9B900D0BBAA /* assign1 */ = {
			isa = PBXNativeTarget;
			buildConfigurationList = 610E7E1D160BE9B900D0BBAA /* Build configuration list for PBXNativeTarget "assign1" */;
			buildPhases = (
				610E7E0F160BE9B900D0BBAA /* Sources */,
				610E7E10160BE9B900D0BBAA /* Frameworks */,
				610E7E11160BE9B900D0BBAA /* CopyFiles */,
			);
			buildRules = (
			);
			dependencies = (
			);
			name = assign1;
			productName = assign1;
			productReference = 610E7E13160BE9B900D0BBAA /* assign1 */;
			productType = "com.apple.product-type.tool";
		};
/* End PBXNativeTarget section */

/* Begin PBXProject section */
		610E7E0A160BE9B900D0BBAA /* Project object */ = {
			isa = PBXProject;
			attributes = {
				LastUpgradeCheck = 0430;
			};
			buildConfigurationList = 610E7E0D160BE9B900D0BBAA /* Build configuration list for PBXProject "assign1" */;
			compatibilityVersion = "Xcode 3.2";
			developmentRegion = English;
			hasScannedForEncodings = 0;
			knownRegions = (
				en,
			);
			mainGroup = 610E7E08160BE9B900D0BBAA;
			productRefGroup = 610E7E14160BE9B900D0BBAA /* Products */;
			projectDirPath = "";
			projectRoot = "";
			targets = (
				610E7E12160BE9B900D0BBAA /* assign1 */,
			);
		};
/* End PBXProject section */

/* Begin PBXSourcesBuildPhase section */
		610E7E0F160BE9B900D0BBAA /* Sources */ = {
			isa = PBXSourcesBuildPhase;
			buildActionMask = 2147483647;
			files = (
				610E7E4D160BEA5100D0BBAA /* assign1.cpp in Sources */,
				610E7E50160BEA5100D0BBAA /* adaptcm.c in Sources */,
				610E7E52160BEA5100D0BBAA /* jpeg.c in Sources */,
				610E7E55160BEA5100D0BBAA /* pic.c in Sources */,
				5B8C2F4F164B5C4A005592F9 /* RgbImage.cpp in Sources */,
				5B8C2F50164B5C4A005592F9 /* TextureBMP.cpp in Sources */,
			);
			runOnlyForDeploymentPostprocessing = 0;
		};
/* End PBXSourcesBuildPhase section */

/* Begin XCBuildConfiguration section */
		610E7E1B160BE9B900D0BBAA /* Debug */ = {
			isa = XCBuildConfiguration;
			buildSettings = {
				ALWAYS_SEARCH_USER_PATHS = NO;
				ARCHS = "$(ARCHS_STANDARD_64_BIT)";
				CLANG_ENABLE_OBJC_ARC = YES;
				COPY_PHASE_STRIP = NO;
				GCC_C_LANGUAGE_STANDARD = gnu99;
				GCC_DYNAMIC_NO_PIC = NO;
				GCC_ENABLE_OBJC_EXCEPTIONS = YES;
				GCC_OPTIMIZATION_LEVEL = 0;
				GCC_PREPROCESSOR_DEFINITIONS = (
					"DEBUG=1",
					"$(inherited)",
				);
				GCC_SYMBOLS_PRIVATE_EXTERN = NO;
				GCC_VERSION = com.apple.compilers.llvm.clang.1_0;
				GCC_WARN_64_TO_32_BIT_CONVERSION = YES;
				GCC_WARN_ABOUT_RETURN_TYPE = YES;
				GCC_WARN_UNINITIALIZED_AUTOS = YES;
				GCC_WARN_UNUSED_VARIABLE = YES;
				MACOSX_DEPLOYMENT_TARGET = 10.7;
				ONLY_ACTIVE_ARCH = YES;
				SDKROOT = macosx;
			};
			name = Debug;
		};
		610E7E1C160BE9B900D0BBAA /* Release */ = {
			isa = XCBuildConfiguration;
			buildSettings = {
				ALWAYS_SEARCH_USER_PATHS = NO;
				ARCHS = "$(ARCHS_STANDARD_64_BIT)";
				CLANG_ENABLE_OBJC_ARC = YES;
				COPY_PHASE_STRIP = YES;
				DEBUG_INFORMATION_FORMAT = "dwarf-with-dsym";
				GCC_C_LANGUAGE_STANDARD = gnu99;
				GCC_ENABLE_OBJC_EXCEPTIONS = YES;
				GCC_VERSION = com.apple.compilers.llvm.clang.1_0;
				GCC_WARN_64_TO_32_BIT_CONVERSION = YES;
				GCC_WARN_ABOUT_RETURN_TYPE = YES;
				GCC_WARN_UNINITIALIZED_AUTOS = YES;
				GCC_WARN_UNUSED_VARIABLE = YES;
				MACOSX_DEPLOYMENT_TARGET = 10.7;
				SDKROOT = macosx;
			};
			name = Release;
		};
		610E7E1E160BE9B900D0BBAA /* Debug */ = {
			isa = XCBuildConfiguration;
			buildSettings = {
				LIBRARY_SEARCH_PATHS = (
					"$(inherited)",
					"\"$(SRCROOT)/pic\"",
				);
				PRODUCT_NAME = "$(TARGET_NAME)";
			};
			name = Debug;
		};
		610E7E1F160BE9B900D0BBAA /* Release */ = {
			isa = XCBuildConfiguration;
			buildSettings = {
				LIBRARY_SEARCH_PATHS = (
					"$(inherited)",
					"\"$(SRCROOT)/pic\"",
				);
				PRODUCT_NAME = "$(TARGET_NAME)";
			};
			name = Release;
		};
/* End XCBuildConfiguration section */

/* Begin XCConfigurationList section */
		610E7E0D160BE9B900D0BBAA /* Build configuration list for PBXProject "assign1" */ = {
			isa = XCConfigurationList;
			buildConfigurations = (
				610E7E1B160BE9B900D0BBAA /* Debug */,
				610E7E1C160BE9B900D0BBAA /* Release */,
			);
			defaultConfigurationIsVisible = 0;
			defaultConfigurationName = Release;
		};
		610E7E1D160BE9B900D0BBAA /* Build configuration list for PBXNativeTarget "assign1" */ = {
			isa = XCConfigurationList;
			buildConfigurations = (
				610E7E1E160BE9B900D0BBAA /* Debug */,
				610E7E1F160BE9B900D0BBAA /* Release */,
			);
			defaultConfigurationIsVisible = 0;
			defaultConfigurationName = Release;
		};
/* End XCConfigurationList section */
	};
	rootObject = 610E7E0A160BE9B900D0BBAA /* Project object */;
}
